
Microsoft Visual Studio Solution File, Format Version 12.00
# Visual Studio Version 17
VisualStudioVersion = 17.10.35027.167
MinimumVisualStudioVersion = 10.0.40219.1
Project("{FAE04EC0-301F-11D3-BF4B-00C04F79EFBC}") = "DbProject", "DbProject\DbProject.csproj", "{442E6680-13E5-425E-B642-FD83C745AAEB}"
EndProject
Global
	GlobalSection(SolutionConfigurationPlatforms) = preSolution
		Debug|Any CPU = Debug|Any CPU
		Release|Any CPU = Release|Any CPU
	EndGlobalSection
	GlobalSection(ProjectConfigurationPlatforms) = postSolution
		{442E6680-13E5-425E-B642-FD83C745AAEB}.Debug|Any CPU.ActiveCfg = Debug|Any CPU
		{442E6680-13E5-425E-B642-FD83C745AAEB}.Debug|Any CPU.Build.0 = Debug|Any CPU
		{442E6680-13E5-425E-B642-FD83C745AAEB}.Release|Any CPU.ActiveCfg = Release|Any CPU
		{442E6680-13E5-425E-B642-FD83C745AAEB}.Release|Any CPU.Build.0 = Release|Any CPU
	EndGlobalSection
	GlobalSection(SolutionProperties) = preSolution
		HideSolutionNode = FALSE
	EndGlobalSection
	GlobalSection(ExtensibilityGlobals) = postSolution
		SolutionGuid = {9D1D42E1-7D9D-4591-BE4B-3FDC44425860}
	EndGlobalSection
EndGlobal
